
Microsoft Visual Studio Solution File, Format Version 12.00
# Visual Studio Version 16
VisualStudioVersion = 16.0.30709.132
MinimumVisualStudioVersion = 10.0.40219.1
Project("{FAE04EC0-301F-11D3-BF4B-00C04F79EFBC}") = "Lab9", "Lab9\Lab9.csproj", "{EAB03CA4-3FA9-4304-8CA2-08DC9FDB0FCA}"
EndProject
Global
	GlobalSection(SolutionConfigurationPlatforms) = preSolution
		Debug|Any CPU = Debug|Any CPU
		Release|Any CPU = Release|Any CPU
	EndGlobalSection
	GlobalSection(ProjectConfigurationPlatforms) = postSolution
		{EAB03CA4-3FA9-4304-8CA2-08DC9FDB0FCA}.Debug|Any CPU.ActiveCfg = Debug|Any CPU
		{EAB03CA4-3FA9-4304-8CA2-08DC9FDB0FCA}.Debug|Any CPU.Build.0 = Debug|Any CPU
		{EAB03CA4-3FA9-4304-8CA2-08DC9FDB0FCA}.Release|Any CPU.ActiveCfg = Release|Any CPU
		{EAB03CA4-3FA9-4304-8CA2-08DC9FDB0FCA}.Release|Any CPU.Build.0 = Release|Any CPU
	EndGlobalSection
	GlobalSection(SolutionProperties) = preSolution
		HideSolutionNode = FALSE
	EndGlobalSection
	GlobalSection(ExtensibilityGlobals) = postSolution
		SolutionGuid = {671EFE78-0294-4410-B8A2-B05382593C8C}
	EndGlobalSection
EndGlobal
