
Microsoft Visual Studio Solution File, Format Version 12.00
# Visual Studio Version 16
VisualStudioVersion = 16.0.30225.117
MinimumVisualStudioVersion = 10.0.40219.1
Project("{FAE04EC0-301F-11D3-BF4B-00C04F79EFBC}") = "Lab3", "Lab3.csproj", "{D38EE82E-6D85-40F5-AE65-87151672A5B5}"
EndProject
Global
	GlobalSection(SolutionConfigurationPlatforms) = preSolution
		Debug|Any CPU = Debug|Any CPU
		Release|Any CPU = Release|Any CPU
	EndGlobalSection
	GlobalSection(ProjectConfigurationPlatforms) = postSolution
		{D38EE82E-6D85-40F5-AE65-87151672A5B5}.Debug|Any CPU.ActiveCfg = Debug|Any CPU
		{D38EE82E-6D85-40F5-AE65-87151672A5B5}.Debug|Any CPU.Build.0 = Debug|Any CPU
		{D38EE82E-6D85-40F5-AE65-87151672A5B5}.Release|Any CPU.ActiveCfg = Release|Any CPU
		{D38EE82E-6D85-40F5-AE65-87151672A5B5}.Release|Any CPU.Build.0 = Release|Any CPU
	EndGlobalSection
	GlobalSection(SolutionProperties) = preSolution
		HideSolutionNode = FALSE
	EndGlobalSection
	GlobalSection(ExtensibilityGlobals) = postSolution
		SolutionGuid = {19BD8567-EE01-429C-BC1B-0861856A4497}
	EndGlobalSection
EndGlobal
