
Microsoft Visual Studio Solution File, Format Version 12.00
# Visual Studio Version 16
VisualStudioVersion = 16.0.30517.126
MinimumVisualStudioVersion = 10.0.40219.1
Project("{FAE04EC0-301F-11D3-BF4B-00C04F79EFBC}") = "Lab6", "Lab6.csproj", "{C3C2DF04-ADEE-4D8D-A649-EE9097B67486}"
EndProject
Global
	GlobalSection(SolutionConfigurationPlatforms) = preSolution
		Debug|Any CPU = Debug|Any CPU
		Release|Any CPU = Release|Any CPU
	EndGlobalSection
	GlobalSection(ProjectConfigurationPlatforms) = postSolution
		{C3C2DF04-ADEE-4D8D-A649-EE9097B67486}.Debug|Any CPU.ActiveCfg = Debug|Any CPU
		{C3C2DF04-ADEE-4D8D-A649-EE9097B67486}.Debug|Any CPU.Build.0 = Debug|Any CPU
		{C3C2DF04-ADEE-4D8D-A649-EE9097B67486}.Release|Any CPU.ActiveCfg = Release|Any CPU
		{C3C2DF04-ADEE-4D8D-A649-EE9097B67486}.Release|Any CPU.Build.0 = Release|Any CPU
	EndGlobalSection
	GlobalSection(SolutionProperties) = preSolution
		HideSolutionNode = FALSE
	EndGlobalSection
	GlobalSection(ExtensibilityGlobals) = postSolution
		SolutionGuid = {6D63EB06-9841-4D50-9DE4-668DC8C67DCE}
	EndGlobalSection
EndGlobal
